PODS:
  - Flutter (1.0.0)
  - fluttertoast (0.0.2):
    - Flutter
  - geocoder (0.0.1):
    - Flutter
  - google_maps_flutter (0.0.1):
    - Flutter
    - GoogleMaps
  - GoogleMaps (2.7.0):
    - GoogleMaps/Maps (= 2.7.0)
  - GoogleMaps/Base (2.7.0)
  - GoogleMaps/Maps (2.7.0):
    - GoogleMaps/Base
  - map_view (0.0.12):
    - Flutter
    - GoogleMaps
  - share (0.5.2):
    - Flutter
  - shared_preferences (0.0.1):
    - Flutter

DEPENDENCIES:
  - Flutter (from `.symlinks/flutter/ios`)
  - fluttertoast (from `.symlinks/plugins/fluttertoast/ios`)
  - geocoder (from `.symlinks/plugins/geocoder/ios`)
  - google_maps_flutter (from `.symlinks/plugins/google_maps_flutter/ios`)
  - map_view (from `.symlinks/plugins/map_view/ios`)
  - share (from `.symlinks/plugins/share/ios`)
  - shared_preferences (from `.symlinks/plugins/shared_preferences/ios`)

SPEC REPOS:
  https://github.com/cocoapods/specs.git:
    - GoogleMaps

EXTERNAL SOURCES:
  Flutter:
    :path: ".symlinks/flutter/ios"
  fluttertoast:
    :path: ".symlinks/plugins/fluttertoast/ios"
  geocoder:
    :path: ".symlinks/plugins/geocoder/ios"
  google_maps_flutter:
    :path: ".symlinks/plugins/google_maps_flutter/ios"
  map_view:
    :path: ".symlinks/plugins/map_view/ios"
  share:
    :path: ".symlinks/plugins/share/ios"
  shared_preferences:
    :path: ".symlinks/plugins/shared_preferences/ios"

SPEC CHECKSUMS:
  Flutter: 9d0fac939486c9aba2809b7982dfdbb47a7b0296
  fluttertoast: 0a20dcbbb8ecfd1a61b6285651ff2d5989d033fb
  geocoder: 333b5c474623c8223f367b6ac4846b5f9ea72e85
  google_maps_flutter: 6449d5918d3f1a69a37dc9c557bbad7bb9bcf0e9
  GoogleMaps: f79af95cb24d869457b1f961c93d3ce8b2f3b848
  map_view: 4a71319ae78b6fb4c20813224b8c6e256703ff9b
  share: 222b5dcc8031238af9d7de91149df65bad1aef75
  shared_preferences: 5a1d487c427ee18fcd3ea1f2a131569481834b53

PODFILE CHECKSUM: aff02bfeed411c636180d6812254b2daeea14d09

COCOAPODS: 1.5.3
